// !$*UTF8*$!
{
	archiveVersion = 1;
	classes = {
	};
	objectVersion = 46;
	objects = {

/* Begin PBXBuildFile section */
		D4078DC216E124490005B4C8 /* RXIntervalTraversal.h in Headers */ = {isa = PBXBuildFile; fileRef = D4078DC016E124490005B4C8 /* RXIntervalTraversal.h */; };
		D4078DC316E124490005B4C8 /* RXIntervalTraversal.h in Headers */ = {isa = PBXBuildFile; fileRef = D4078DC016E124490005B4C8 /* RXIntervalTraversal.h */; };
		D4078DC416E124490005B4C8 /* RXIntervalTraversal.h in Headers */ = {isa = PBXBuildFile; fileRef = D4078DC016E124490005B4C8 /* RXIntervalTraversal.h */; };
		D4078DC516E124490005B4C8 /* RXIntervalTraversal.m in Sources */ = {isa = PBXBuildFile; fileRef = D4078DC116E124490005B4C8 /* RXIntervalTraversal.m */; };
		D4078DC616E124490005B4C8 /* RXIntervalTraversal.m in Sources */ = {isa = PBXBuildFile; fileRef = D4078DC116E124490005B4C8 /* RXIntervalTraversal.m */; };
		D4078DC716E124490005B4C8 /* RXIntervalTraversal.m in Sources */ = {isa = PBXBuildFile; fileRef = D4078DC116E124490005B4C8 /* RXIntervalTraversal.m */; };
		D473F63716DA7E5E000FCD8D /* Foundation.framework in Frameworks */ = {isa = PBXBuildFile; fileRef = D49E8F94147978C8004490EA /* Foundation.framework */; };
		D473F64216DA81A9000FCD8D /* libLagrangian.a in Frameworks */ = {isa = PBXBuildFile; fileRef = D473F5AB16D8D42B000FCD8D /* libLagrangian.a */; settings = {ATTRIBUTES = (Weak, ); }; };
		D473F64616DA81DD000FCD8D /* RXFilter.h in Headers */ = {isa = PBXBuildFile; fileRef = D4CF2C0216D6FFFA005F5810 /* RXFilter.h */; settings = {ATTRIBUTES = (Public, ); }; };
		D473F64716DA81DD000FCD8D /* RXFold.h in Headers */ = {isa = PBXBuildFile; fileRef = D4CF2C6616D718B0005F5810 /* RXFold.h */; settings = {ATTRIBUTES = (Public, ); }; };
		D473F64816DA81DD000FCD8D /* RXMap.h in Headers */ = {isa = PBXBuildFile; fileRef = D4CF2C6016D7160C005F5810 /* RXMap.h */; settings = {ATTRIBUTES = (Public, ); }; };
		D473F64916DA81DD000FCD8D /* RXEnumerationTraversal.h in Headers */ = {isa = PBXBuildFile; fileRef = D4E0D68616C8BC4300C5F2F1 /* RXEnumerationTraversal.h */; settings = {ATTRIBUTES = (Public, ); }; };
		D473F64A16DA81DD000FCD8D /* RXMappingTraversalStrategy.h in Headers */ = {isa = PBXBuildFile; fileRef = D4E8CC2616D3BB2F002D6C0A /* RXMappingTraversalStrategy.h */; settings = {ATTRIBUTES = (Public, ); }; };
		D473F64B16DA81DD000FCD8D /* RXIdentityTraversalStrategy.h in Headers */ = {isa = PBXBuildFile; fileRef = D4E8CC2C16D3C268002D6C0A /* RXIdentityTraversalStrategy.h */; settings = {ATTRIBUTES = (Public, ); }; };
		D473F64C16DA81DD000FCD8D /* RXFilteringTraversalStrategy.h in Headers */ = {isa = PBXBuildFile; fileRef = D4E8CC3216D3C332002D6C0A /* RXFilteringTraversalStrategy.h */; settings = {ATTRIBUTES = (Public, ); }; };
		D473F64D16DA81DD000FCD8D /* RXNullTraversalStrategy.h in Headers */ = {isa = PBXBuildFile; fileRef = D4E8CC3B16D3D3AB002D6C0A /* RXNullTraversalStrategy.h */; settings = {ATTRIBUTES = (Public, ); }; };
		D473F64E16DA81DD000FCD8D /* RXPair.h in Headers */ = {isa = PBXBuildFile; fileRef = D4C8768A16A2172100208BE9 /* RXPair.h */; settings = {ATTRIBUTES = (Public, ); }; };
		D473F64F16DA81DD000FCD8D /* RXRecursiveEnumerator.h in Headers */ = {isa = PBXBuildFile; fileRef = D4B62B1C16A113C600E42C84 /* RXRecursiveEnumerator.h */; settings = {ATTRIBUTES = (Public, ); }; };
		D473F65016DA81DD000FCD8D /* RXTraversal.h in Headers */ = {isa = PBXBuildFile; fileRef = D4AA920516CFD8D9006F3655 /* RXTraversal.h */; settings = {ATTRIBUTES = (Public, ); }; };
		D473F65116DA81DD000FCD8D /* RXCollections.h in Headers */ = {isa = PBXBuildFile; fileRef = D4CF2C6C16D71996005F5810 /* RXCollections.h */; settings = {ATTRIBUTES = (Public, ); }; };
		D473F65216DA81F3000FCD8D /* RXFilter.m in Sources */ = {isa = PBXBuildFile; fileRef = D4CF2C0316D6FFFA005F5810 /* RXFilter.m */; };
		D473F65316DA81F3000FCD8D /* RXFold.m in Sources */ = {isa = PBXBuildFile; fileRef = D4CF2C6716D718B0005F5810 /* RXFold.m */; };
		D473F65416DA81F3000FCD8D /* RXMap.m in Sources */ = {isa = PBXBuildFile; fileRef = D4CF2C6116D7160C005F5810 /* RXMap.m */; };
		D473F65516DA81F3000FCD8D /* RXEnumerationTraversal.m in Sources */ = {isa = PBXBuildFile; fileRef = D4E0D68716C8BC4300C5F2F1 /* RXEnumerationTraversal.m */; };
		D473F65616DA81F3000FCD8D /* RXMappingTraversalStrategy.m in Sources */ = {isa = PBXBuildFile; fileRef = D4E8CC2716D3BB2F002D6C0A /* RXMappingTraversalStrategy.m */; };
		D473F65716DA81F3000FCD8D /* RXIdentityTraversalStrategy.m in Sources */ = {isa = PBXBuildFile; fileRef = D4E8CC2D16D3C268002D6C0A /* RXIdentityTraversalStrategy.m */; };
		D473F65816DA81F3000FCD8D /* RXFilteringTraversalStrategy.m in Sources */ = {isa = PBXBuildFile; fileRef = D4E8CC3316D3C332002D6C0A /* RXFilteringTraversalStrategy.m */; };
		D473F65916DA81F3000FCD8D /* RXNullTraversalStrategy.m in Sources */ = {isa = PBXBuildFile; fileRef = D4E8CC3C16D3D3AB002D6C0A /* RXNullTraversalStrategy.m */; };
		D473F65A16DA81F3000FCD8D /* RXPair.m in Sources */ = {isa = PBXBuildFile; fileRef = D4C8768B16A2172100208BE9 /* RXPair.m */; };
		D473F65B16DA81F3000FCD8D /* RXRecursiveEnumerator.m in Sources */ = {isa = PBXBuildFile; fileRef = D4B62B1D16A113C600E42C84 /* RXRecursiveEnumerator.m */; };
		D4A8B3FF16D05F6400D96744 /* RXEnumerationTraversal.h in Headers */ = {isa = PBXBuildFile; fileRef = D4E0D68616C8BC4300C5F2F1 /* RXEnumerationTraversal.h */; settings = {ATTRIBUTES = (Public, ); }; };
		D4A8B40416D05F7000D96744 /* RXEnumerationTraversal.h in Headers */ = {isa = PBXBuildFile; fileRef = D4E0D68616C8BC4300C5F2F1 /* RXEnumerationTraversal.h */; settings = {ATTRIBUTES = (Public, ); }; };
		D4AA920616CFD918006F3655 /* RXTraversal.h in Headers */ = {isa = PBXBuildFile; fileRef = D4AA920516CFD8D9006F3655 /* RXTraversal.h */; settings = {ATTRIBUTES = (Public, ); }; };
		D4AA920716CFD929006F3655 /* RXTraversal.h in Headers */ = {isa = PBXBuildFile; fileRef = D4AA920516CFD8D9006F3655 /* RXTraversal.h */; settings = {ATTRIBUTES = (Public, ); }; };
		D4B62B1E16A113C600E42C84 /* RXRecursiveEnumerator.h in Headers */ = {isa = PBXBuildFile; fileRef = D4B62B1C16A113C600E42C84 /* RXRecursiveEnumerator.h */; settings = {ATTRIBUTES = (Public, ); }; };
		D4B62B1F16A113C600E42C84 /* RXRecursiveEnumerator.m in Sources */ = {isa = PBXBuildFile; fileRef = D4B62B1D16A113C600E42C84 /* RXRecursiveEnumerator.m */; };
		D4B62B9E16A15E2200E42C84 /* Foundation.framework in Frameworks */ = {isa = PBXBuildFile; fileRef = D49E8F94147978C8004490EA /* Foundation.framework */; };
		D4B62BB716A1609300E42C84 /* InfoPlist.strings in Resources */ = {isa = PBXBuildFile; fileRef = D4B62BB516A1609300E42C84 /* InfoPlist.strings */; };
		D4B62BBB16A160E000E42C84 /* Lagrangian.framework in Frameworks */ = {isa = PBXBuildFile; fileRef = D4B62B9C16A15DF700E42C84 /* Lagrangian.framework */; settings = {ATTRIBUTES = (Weak, ); }; };
		D4B62BC016A1611300E42C84 /* RXRecursiveEnumerator.m in Sources */ = {isa = PBXBuildFile; fileRef = D4B62B1D16A113C600E42C84 /* RXRecursiveEnumerator.m */; };
		D4B62BC216A1611C00E42C84 /* RXRecursiveEnumerator.h in Headers */ = {isa = PBXBuildFile; fileRef = D4B62B1C16A113C600E42C84 /* RXRecursiveEnumerator.h */; settings = {ATTRIBUTES = (Public, ); }; };
		D4B62BD916A170DC00E42C84 /* Lagrangian.framework in Frameworks */ = {isa = PBXBuildFile; fileRef = D4B62B9C16A15DF700E42C84 /* Lagrangian.framework */; settings = {ATTRIBUTES = (Weak, ); }; };
		D4B62BDA16A170E600E42C84 /* Foundation.framework in Frameworks */ = {isa = PBXBuildFile; fileRef = D49E8F94147978C8004490EA /* Foundation.framework */; };
		D4C8768C16A2172100208BE9 /* RXPair.h in Headers */ = {isa = PBXBuildFile; fileRef = D4C8768A16A2172100208BE9 /* RXPair.h */; settings = {ATTRIBUTES = (Public, ); }; };
		D4C8768D16A2172100208BE9 /* RXPair.h in Headers */ = {isa = PBXBuildFile; fileRef = D4C8768A16A2172100208BE9 /* RXPair.h */; settings = {ATTRIBUTES = (Public, ); }; };
		D4C8768E16A2172100208BE9 /* RXPair.m in Sources */ = {isa = PBXBuildFile; fileRef = D4C8768B16A2172100208BE9 /* RXPair.m */; };
		D4C8768F16A2172100208BE9 /* RXPair.m in Sources */ = {isa = PBXBuildFile; fileRef = D4C8768B16A2172100208BE9 /* RXPair.m */; };
		D4CF2C0416D6FFFA005F5810 /* RXFilter.h in Headers */ = {isa = PBXBuildFile; fileRef = D4CF2C0216D6FFFA005F5810 /* RXFilter.h */; settings = {ATTRIBUTES = (Public, ); }; };
		D4CF2C0516D6FFFA005F5810 /* RXFilter.h in Headers */ = {isa = PBXBuildFile; fileRef = D4CF2C0216D6FFFA005F5810 /* RXFilter.h */; settings = {ATTRIBUTES = (Public, ); }; };
		D4CF2C0616D6FFFA005F5810 /* RXFilter.m in Sources */ = {isa = PBXBuildFile; fileRef = D4CF2C0316D6FFFA005F5810 /* RXFilter.m */; };
		D4CF2C0716D6FFFA005F5810 /* RXFilter.m in Sources */ = {isa = PBXBuildFile; fileRef = D4CF2C0316D6FFFA005F5810 /* RXFilter.m */; };
		D4CF2C6216D7160C005F5810 /* RXMap.h in Headers */ = {isa = PBXBuildFile; fileRef = D4CF2C6016D7160C005F5810 /* RXMap.h */; settings = {ATTRIBUTES = (Public, ); }; };
		D4CF2C6316D7160C005F5810 /* RXMap.h in Headers */ = {isa = PBXBuildFile; fileRef = D4CF2C6016D7160C005F5810 /* RXMap.h */; settings = {ATTRIBUTES = (Public, ); }; };
		D4CF2C6416D7160C005F5810 /* RXMap.m in Sources */ = {isa = PBXBuildFile; fileRef = D4CF2C6116D7160C005F5810 /* RXMap.m */; };
		D4CF2C6516D7160C005F5810 /* RXMap.m in Sources */ = {isa = PBXBuildFile; fileRef = D4CF2C6116D7160C005F5810 /* RXMap.m */; };
		D4CF2C6816D718B0005F5810 /* RXFold.h in Headers */ = {isa = PBXBuildFile; fileRef = D4CF2C6616D718B0005F5810 /* RXFold.h */; settings = {ATTRIBUTES = (Public, ); }; };
		D4CF2C6916D718B0005F5810 /* RXFold.h in Headers */ = {isa = PBXBuildFile; fileRef = D4CF2C6616D718B0005F5810 /* RXFold.h */; settings = {ATTRIBUTES = (Public, ); }; };
		D4CF2C6A16D718B0005F5810 /* RXFold.m in Sources */ = {isa = PBXBuildFile; fileRef = D4CF2C6716D718B0005F5810 /* RXFold.m */; };
		D4CF2C6B16D718B0005F5810 /* RXFold.m in Sources */ = {isa = PBXBuildFile; fileRef = D4CF2C6716D718B0005F5810 /* RXFold.m */; };
		D4CF2C6D16D71996005F5810 /* RXCollections.h in Headers */ = {isa = PBXBuildFile; fileRef = D4CF2C6C16D71996005F5810 /* RXCollections.h */; settings = {ATTRIBUTES = (Public, ); }; };
		D4CF2C6E16D71996005F5810 /* RXCollections.h in Headers */ = {isa = PBXBuildFile; fileRef = D4CF2C6C16D71996005F5810 /* RXCollections.h */; settings = {ATTRIBUTES = (Public, ); }; };
		D4E0D68C16C8BD6D00C5F2F1 /* RXEnumerationTraversal.m in Sources */ = {isa = PBXBuildFile; fileRef = D4E0D68716C8BC4300C5F2F1 /* RXEnumerationTraversal.m */; };
		D4E0D68D16C8BD7000C5F2F1 /* RXEnumerationTraversal.m in Sources */ = {isa = PBXBuildFile; fileRef = D4E0D68716C8BC4300C5F2F1 /* RXEnumerationTraversal.m */; };
		D4E8CC2916D3BB50002D6C0A /* RXMappingTraversalStrategy.m in Sources */ = {isa = PBXBuildFile; fileRef = D4E8CC2716D3BB2F002D6C0A /* RXMappingTraversalStrategy.m */; };
		D4E8CC2A16D3BB58002D6C0A /* RXMappingTraversalStrategy.h in Headers */ = {isa = PBXBuildFile; fileRef = D4E8CC2616D3BB2F002D6C0A /* RXMappingTraversalStrategy.h */; settings = {ATTRIBUTES = (Public, ); }; };
		D4E8CC2E16D3C275002D6C0A /* RXIdentityTraversalStrategy.h in Headers */ = {isa = PBXBuildFile; fileRef = D4E8CC2C16D3C268002D6C0A /* RXIdentityTraversalStrategy.h */; settings = {ATTRIBUTES = (Public, ); }; };
		D4E8CC2F16D3C275002D6C0A /* RXIdentityTraversalStrategy.h in Headers */ = {isa = PBXBuildFile; fileRef = D4E8CC2C16D3C268002D6C0A /* RXIdentityTraversalStrategy.h */; settings = {ATTRIBUTES = (Public, ); }; };
		D4E8CC3016D3C28B002D6C0A /* RXIdentityTraversalStrategy.m in Sources */ = {isa = PBXBuildFile; fileRef = D4E8CC2D16D3C268002D6C0A /* RXIdentityTraversalStrategy.m */; };
		D4E8CC3116D3C28C002D6C0A /* RXIdentityTraversalStrategy.m in Sources */ = {isa = PBXBuildFile; fileRef = D4E8CC2D16D3C268002D6C0A /* RXIdentityTraversalStrategy.m */; };
		D4E8CC3416D3C332002D6C0A /* RXFilteringTraversalStrategy.h in Headers */ = {isa = PBXBuildFile; fileRef = D4E8CC3216D3C332002D6C0A /* RXFilteringTraversalStrategy.h */; settings = {ATTRIBUTES = (Public, ); }; };
		D4E8CC3516D3C332002D6C0A /* RXFilteringTraversalStrategy.h in Headers */ = {isa = PBXBuildFile; fileRef = D4E8CC3216D3C332002D6C0A /* RXFilteringTraversalStrategy.h */; settings = {ATTRIBUTES = (Public, ); }; };
		D4E8CC3616D3C332002D6C0A /* RXFilteringTraversalStrategy.m in Sources */ = {isa = PBXBuildFile; fileRef = D4E8CC3316D3C332002D6C0A /* RXFilteringTraversalStrategy.m */; };
		D4E8CC3716D3C332002D6C0A /* RXFilteringTraversalStrategy.m in Sources */ = {isa = PBXBuildFile; fileRef = D4E8CC3316D3C332002D6C0A /* RXFilteringTraversalStrategy.m */; };
		D4E8CC3916D3C57B002D6C0A /* RXMappingTraversalStrategy.h in Headers */ = {isa = PBXBuildFile; fileRef = D4E8CC2616D3BB2F002D6C0A /* RXMappingTraversalStrategy.h */; settings = {ATTRIBUTES = (Public, ); }; };
		D4E8CC3A16D3C581002D6C0A /* RXMappingTraversalStrategy.m in Sources */ = {isa = PBXBuildFile; fileRef = D4E8CC2716D3BB2F002D6C0A /* RXMappingTraversalStrategy.m */; };
		D4E8CC3D16D3D3B3002D6C0A /* RXNullTraversalStrategy.h in Headers */ = {isa = PBXBuildFile; fileRef = D4E8CC3B16D3D3AB002D6C0A /* RXNullTraversalStrategy.h */; settings = {ATTRIBUTES = (Public, ); }; };
		D4E8CC3E16D3D3B4002D6C0A /* RXNullTraversalStrategy.h in Headers */ = {isa = PBXBuildFile; fileRef = D4E8CC3B16D3D3AB002D6C0A /* RXNullTraversalStrategy.h */; settings = {ATTRIBUTES = (Public, ); }; };
		D4E8CC3F16D3D3B6002D6C0A /* RXNullTraversalStrategy.m in Sources */ = {isa = PBXBuildFile; fileRef = D4E8CC3C16D3D3AB002D6C0A /* RXNullTraversalStrategy.m */; };
		D4E8CC4016D3D3B7002D6C0A /* RXNullTraversalStrategy.m in Sources */ = {isa = PBXBuildFile; fileRef = D4E8CC3C16D3D3AB002D6C0A /* RXNullTraversalStrategy.m */; };
/* End PBXBuildFile section */

/* Begin PBXContainerItemProxy section */
		D473F5AA16D8D42B000FCD8D /* PBXContainerItemProxy */ = {
			isa = PBXContainerItemProxy;
			containerPortal = D4B62B2B16A1177A00E42C84 /* Lagrangian.xcodeproj */;
			proxyType = 2;
			remoteGlobalIDString = D473F55216D8CB4C000FCD8D;
			remoteInfo = "Lagrangian (iOS static framework)";
		};
		D473F64316DA81B1000FCD8D /* PBXContainerItemProxy */ = {
			isa = PBXContainerItemProxy;
			containerPortal = D4B62B2B16A1177A00E42C84 /* Lagrangian.xcodeproj */;
			proxyType = 1;
			remoteGlobalIDString = D473F5CB16DA713E000FCD8D;
			remoteInfo = "Lagrangian (iOS static framework)";
		};
		D473F66716DA87E8000FCD8D /* PBXContainerItemProxy */ = {
			isa = PBXContainerItemProxy;
			containerPortal = D4B62B2B16A1177A00E42C84 /* Lagrangian.xcodeproj */;
			proxyType = 1;
			remoteGlobalIDString = D4B62B4B16A1581700E42C84;
			remoteInfo = "Lagrangian (Mac OS X framework)";
		};
		D473F66B16DA8832000FCD8D /* PBXContainerItemProxy */ = {
			isa = PBXContainerItemProxy;
			containerPortal = D4B62B2B16A1177A00E42C84 /* Lagrangian.xcodeproj */;
			proxyType = 1;
			remoteGlobalIDString = D4B62B4B16A1581700E42C84;
			remoteInfo = "Lagrangian (Mac OS X framework)";
		};
		D4B62B3516A1177B00E42C84 /* PBXContainerItemProxy */ = {
			isa = PBXContainerItemProxy;
			containerPortal = D4B62B2B16A1177A00E42C84 /* Lagrangian.xcodeproj */;
			proxyType = 2;
			remoteGlobalIDString = D4AC43121648B5D300C0A25B;
			remoteInfo = Lagrangian;
		};
		D4B62B3716A1177B00E42C84 /* PBXContainerItemProxy */ = {
			isa = PBXContainerItemProxy;
			containerPortal = D4B62B2B16A1177A00E42C84 /* Lagrangian.xcodeproj */;
			proxyType = 2;
			remoteGlobalIDString = D4A5B2C1164B4FAF00338EB4;
			remoteInfo = lagrangian;
		};
		D4B62B3916A1177B00E42C84 /* PBXContainerItemProxy */ = {
			isa = PBXContainerItemProxy;
			containerPortal = D4B62B2B16A1177A00E42C84 /* Lagrangian.xcodeproj */;
			proxyType = 2;
			remoteGlobalIDString = D43D8B721654C27000E6DE07;
			remoteInfo = Lagrangian;
		};
		D4B62B9B16A15DF700E42C84 /* PBXContainerItemProxy */ = {
			isa = PBXContainerItemProxy;
			containerPortal = D4B62B2B16A1177A00E42C84 /* Lagrangian.xcodeproj */;
			proxyType = 2;
			remoteGlobalIDString = D4B62B4C16A1581700E42C84;
			remoteInfo = "Lagrangian (Mac OS X framework)";
		};
/* End PBXContainerItemProxy section */

/* Begin PBXCopyFilesBuildPhase section */
		D473F63416DA7E5D000FCD8D /* CopyFiles */ = {
			isa = PBXCopyFilesBuildPhase;
			buildActionMask = 2147483647;
			dstPath = "include/${PRODUCT_NAME}";
			dstSubfolderSpec = 16;
			files = (
			);
			runOnlyForDeploymentPostprocessing = 0;
		};
/* End PBXCopyFilesBuildPhase section */

/* Begin PBXFileReference section */
		D4078DC016E124490005B4C8 /* RXIntervalTraversal.h */ = {isa = PBXFileReference; fileEncoding = 4; lastKnownFileType = sourcecode.c.h; path = RXIntervalTraversal.h; sourceTree = "<group>"; };
		D4078DC116E124490005B4C8 /* RXIntervalTraversal.m */ = {isa = PBXFileReference; fileEncoding = 4; lastKnownFileType = sourcecode.c.objc; path = RXIntervalTraversal.m; sourceTree = "<group>"; };
		D473F63616DA7E5D000FCD8D /* libRXCollections.a */ = {isa = PBXFileReference; explicitFileType = archive.ar; includeInIndex = 0; path = libRXCollections.a; sourceTree = BUILT_PRODUCTS_DIR; };
		D49E8F8C147978C8004490EA /* libRXCollections.a */ = {isa = PBXFileReference; explicitFileType = archive.ar; includeInIndex = 0; path = libRXCollections.a; sourceTree = BUILT_PRODUCTS_DIR; };
		D49E8F94147978C8004490EA /* Foundation.framework */ = {isa = PBXFileReference; lastKnownFileType = wrapper.framework; name = Foundation.framework; path = System/Library/Frameworks/Foundation.framework; sourceTree = SDKROOT; };
		D49E8F97147978C8004490EA /* RXCollections-Prefix.pch */ = {isa = PBXFileReference; lastKnownFileType = sourcecode.c.h; path = "RXCollections-Prefix.pch"; sourceTree = "<group>"; };
		D4AA920516CFD8D9006F3655 /* RXTraversal.h */ = {isa = PBXFileReference; lastKnownFileType = sourcecode.c.h; path = RXTraversal.h; sourceTree = "<group>"; };
		D4B62B1C16A113C600E42C84 /* RXRecursiveEnumerator.h */ = {isa = PBXFileReference; fileEncoding = 4; lastKnownFileType = sourcecode.c.h; path = RXRecursiveEnumerator.h; sourceTree = "<group>"; };
		D4B62B1D16A113C600E42C84 /* RXRecursiveEnumerator.m */ = {isa = PBXFileReference; fileEncoding = 4; lastKnownFileType = sourcecode.c.objc; path = RXRecursiveEnumerator.m; sourceTree = "<group>"; };
		D4B62B2B16A1177A00E42C84 /* Lagrangian.xcodeproj */ = {isa = PBXFileReference; lastKnownFileType = "wrapper.pb-project"; name = Lagrangian.xcodeproj; path = External/Lagrangian/Lagrangian.xcodeproj; sourceTree = SOURCE_ROOT; };
		D4B62B3F16A117B200E42C84 /* Lagrangian.octest */ = {isa = PBXFileReference; explicitFileType = wrapper.cfbundle; includeInIndex = 0; path = Lagrangian.octest; sourceTree = BUILT_PRODUCTS_DIR; };
		D4B62BA616A15F7000E42C84 /* RXCollections.framework */ = {isa = PBXFileReference; explicitFileType = wrapper.framework; includeInIndex = 0; path = RXCollections.framework; sourceTree = BUILT_PRODUCTS_DIR; };
		D4B62BB616A1609300E42C84 /* en */ = {isa = PBXFileReference; lastKnownFileType = text.plist.strings; name = en; path = en.lproj/InfoPlist.strings; sourceTree = "<group>"; };
		D4B62BB816A1609D00E42C84 /* RXCollections-Info.plist */ = {isa = PBXFileReference; fileEncoding = 4; lastKnownFileType = text.plist.xml; path = "RXCollections-Info.plist"; sourceTree = "<group>"; };
		D4C8768A16A2172100208BE9 /* RXPair.h */ = {isa = PBXFileReference; fileEncoding = 4; lastKnownFileType = sourcecode.c.h; path = RXPair.h; sourceTree = "<group>"; };
		D4C8768B16A2172100208BE9 /* RXPair.m */ = {isa = PBXFileReference; fileEncoding = 4; lastKnownFileType = sourcecode.c.objc; path = RXPair.m; sourceTree = "<group>"; };
		D4CF2C0216D6FFFA005F5810 /* RXFilter.h */ = {isa = PBXFileReference; fileEncoding = 4; lastKnownFileType = sourcecode.c.h; path = RXFilter.h; sourceTree = "<group>"; };
		D4CF2C0316D6FFFA005F5810 /* RXFilter.m */ = {isa = PBXFileReference; fileEncoding = 4; lastKnownFileType = sourcecode.c.objc; path = RXFilter.m; sourceTree = "<group>"; };
		D4CF2C6016D7160C005F5810 /* RXMap.h */ = {isa = PBXFileReference; fileEncoding = 4; lastKnownFileType = sourcecode.c.h; path = RXMap.h; sourceTree = "<group>"; };
		D4CF2C6116D7160C005F5810 /* RXMap.m */ = {isa = PBXFileReference; fileEncoding = 4; lastKnownFileType = sourcecode.c.objc; path = RXMap.m; sourceTree = "<group>"; };
		D4CF2C6616D718B0005F5810 /* RXFold.h */ = {isa = PBXFileReference; fileEncoding = 4; lastKnownFileType = sourcecode.c.h; path = RXFold.h; sourceTree = "<group>"; };
		D4CF2C6716D718B0005F5810 /* RXFold.m */ = {isa = PBXFileReference; fileEncoding = 4; lastKnownFileType = sourcecode.c.objc; path = RXFold.m; sourceTree = "<group>"; };
		D4CF2C6C16D71996005F5810 /* RXCollections.h */ = {isa = PBXFileReference; fileEncoding = 4; lastKnownFileType = sourcecode.c.h; path = RXCollections.h; sourceTree = "<group>"; };
		D4E0D68616C8BC4300C5F2F1 /* RXEnumerationTraversal.h */ = {isa = PBXFileReference; fileEncoding = 4; lastKnownFileType = sourcecode.c.h; path = RXEnumerationTraversal.h; sourceTree = "<group>"; };
		D4E0D68716C8BC4300C5F2F1 /* RXEnumerationTraversal.m */ = {isa = PBXFileReference; fileEncoding = 4; lastKnownFileType = sourcecode.c.objc; path = RXEnumerationTraversal.m; sourceTree = "<group>"; };
		D4E8CC2616D3BB2F002D6C0A /* RXMappingTraversalStrategy.h */ = {isa = PBXFileReference; fileEncoding = 4; lastKnownFileType = sourcecode.c.h; path = RXMappingTraversalStrategy.h; sourceTree = "<group>"; };
		D4E8CC2716D3BB2F002D6C0A /* RXMappingTraversalStrategy.m */ = {isa = PBXFileReference; fileEncoding = 4; lastKnownFileType = sourcecode.c.objc; path = RXMappingTraversalStrategy.m; sourceTree = "<group>"; };
		D4E8CC2C16D3C268002D6C0A /* RXIdentityTraversalStrategy.h */ = {isa = PBXFileReference; fileEncoding = 4; lastKnownFileType = sourcecode.c.h; path = RXIdentityTraversalStrategy.h; sourceTree = "<group>"; };
		D4E8CC2D16D3C268002D6C0A /* RXIdentityTraversalStrategy.m */ = {isa = PBXFileReference; fileEncoding = 4; lastKnownFileType = sourcecode.c.objc; path = RXIdentityTraversalStrategy.m; sourceTree = "<group>"; };
		D4E8CC3216D3C332002D6C0A /* RXFilteringTraversalStrategy.h */ = {isa = PBXFileReference; fileEncoding = 4; lastKnownFileType = sourcecode.c.h; path = RXFilteringTraversalStrategy.h; sourceTree = "<group>"; };
		D4E8CC3316D3C332002D6C0A /* RXFilteringTraversalStrategy.m */ = {isa = PBXFileReference; fileEncoding = 4; lastKnownFileType = sourcecode.c.objc; path = RXFilteringTraversalStrategy.m; sourceTree = "<group>"; };
		D4E8CC3B16D3D3AB002D6C0A /* RXNullTraversalStrategy.h */ = {isa = PBXFileReference; fileEncoding = 4; lastKnownFileType = sourcecode.c.h; path = RXNullTraversalStrategy.h; sourceTree = "<group>"; };
		D4E8CC3C16D3D3AB002D6C0A /* RXNullTraversalStrategy.m */ = {isa = PBXFileReference; fileEncoding = 4; lastKnownFileType = sourcecode.c.objc; path = RXNullTraversalStrategy.m; sourceTree = "<group>"; };
/* End PBXFileReference section */

/* Begin PBXFrameworksBuildPhase section */
		D473F63316DA7E5D000FCD8D /* Frameworks */ = {
			isa = PBXFrameworksBuildPhase;
			buildActionMask = 2147483647;
			files = (
				D473F64216DA81A9000FCD8D /* libLagrangian.a in Frameworks */,
				D473F63716DA7E5E000FCD8D /* Foundation.framework in Frameworks */,
			);
			runOnlyForDeploymentPostprocessing = 0;
		};
		D49E8F89147978C8004490EA /* Frameworks */ = {
			isa = PBXFrameworksBuildPhase;
			buildActionMask = 2147483647;
			files = (
				D4B62BBB16A160E000E42C84 /* Lagrangian.framework in Frameworks */,
				D4B62B9E16A15E2200E42C84 /* Foundation.framework in Frameworks */,
			);
			runOnlyForDeploymentPostprocessing = 0;
		};
		D4B62BA216A15F7000E42C84 /* Frameworks */ = {
			isa = PBXFrameworksBuildPhase;
			buildActionMask = 2147483647;
			files = (
				D4B62BDA16A170E600E42C84 /* Foundation.framework in Frameworks */,
				D4B62BD916A170DC00E42C84 /* Lagrangian.framework in Frameworks */,
			);
			runOnlyForDeploymentPostprocessing = 0;
		};
/* End PBXFrameworksBuildPhase section */

/* Begin PBXGroup section */
		D44C5B1216E3104A00A2A350 /* Traversals */ = {
			isa = PBXGroup;
			children = (
				D4AA920516CFD8D9006F3655 /* RXTraversal.h */,
				D4E0D68616C8BC4300C5F2F1 /* RXEnumerationTraversal.h */,
				D4E0D68716C8BC4300C5F2F1 /* RXEnumerationTraversal.m */,
				D4078DC016E124490005B4C8 /* RXIntervalTraversal.h */,
				D4078DC116E124490005B4C8 /* RXIntervalTraversal.m */,
				D4B62B1C16A113C600E42C84 /* RXRecursiveEnumerator.h */,
				D4B62B1D16A113C600E42C84 /* RXRecursiveEnumerator.m */,
				D4E8CC3816D3C338002D6C0A /* Traversal strategies */,
			);
			name = Traversals;
			sourceTree = "<group>";
		};
		D49E8F81147978C8004490EA = {
			isa = PBXGroup;
			children = (
				D49E8F95147978C8004490EA /* RXCollections */,
				D4B62B2816A1175F00E42C84 /* External */,
				D49E8F8E147978C8004490EA /* Frameworks */,
				D49E8F8D147978C8004490EA /* Products */,
			);
			sourceTree = "<group>";
		};
		D49E8F8D147978C8004490EA /* Products */ = {
			isa = PBXGroup;
			children = (
				D49E8F8C147978C8004490EA /* libRXCollections.a */,
				D4B62B3F16A117B200E42C84 /* Lagrangian.octest */,
				D4B62BA616A15F7000E42C84 /* RXCollections.framework */,
				D473F63616DA7E5D000FCD8D /* libRXCollections.a */,
			);
			name = Products;
			sourceTree = "<group>";
		};
		D49E8F8E147978C8004490EA /* Frameworks */ = {
			isa = PBXGroup;
			children = (
				D49E8F94147978C8004490EA /* Foundation.framework */,
			);
			name = Frameworks;
			sourceTree = "<group>";
		};
		D49E8F95147978C8004490EA /* RXCollections */ = {
			isa = PBXGroup;
			children = (
				D4CF2C0216D6FFFA005F5810 /* RXFilter.h */,
				D4CF2C0316D6FFFA005F5810 /* RXFilter.m */,
				D4CF2C6616D718B0005F5810 /* RXFold.h */,
				D4CF2C6716D718B0005F5810 /* RXFold.m */,
				D4CF2C6016D7160C005F5810 /* RXMap.h */,
				D4CF2C6116D7160C005F5810 /* RXMap.m */,
				D4C8768A16A2172100208BE9 /* RXPair.h */,
				D4C8768B16A2172100208BE9 /* RXPair.m */,
				D44C5B1216E3104A00A2A350 /* Traversals */,
				D49E8F96147978C8004490EA /* Supporting Files */,
			);
			path = RXCollections;
			sourceTree = "<group>";
		};
		D49E8F96147978C8004490EA /* Supporting Files */ = {
			isa = PBXGroup;
			children = (
				D4B62BB816A1609D00E42C84 /* RXCollections-Info.plist */,
				D4B62BB516A1609300E42C84 /* InfoPlist.strings */,
				D49E8F97147978C8004490EA /* RXCollections-Prefix.pch */,
				D4CF2C6C16D71996005F5810 /* RXCollections.h */,
			);
			name = "Supporting Files";
			sourceTree = "<group>";
		};
		D4B62B2816A1175F00E42C84 /* External */ = {
			isa = PBXGroup;
			children = (
				D4B62B2A16A1176600E42C84 /* Lagrangian */,
			);
			name = External;
			path = RXCollections;
			sourceTree = "<group>";
		};
		D4B62B2A16A1176600E42C84 /* Lagrangian */ = {
			isa = PBXGroup;
			children = (
				D4B62B2B16A1177A00E42C84 /* Lagrangian.xcodeproj */,
			);
			name = Lagrangian;
			sourceTree = "<group>";
		};
		D4B62B2C16A1177A00E42C84 /* Products */ = {
			isa = PBXGroup;
			children = (
				D4B62B9C16A15DF700E42C84 /* Lagrangian.framework */,
				D4B62B3616A1177B00E42C84 /* Lagrangian.dylib */,
				D473F5AB16D8D42B000FCD8D /* libLagrangian.a */,
				D4B62B3816A1177B00E42C84 /* lagrangian */,
				D4B62B3A16A1177B00E42C84 /* Lagrangian.octest */,
			);
			name = Products;
			sourceTree = "<group>";
		};
		D4E8CC3816D3C338002D6C0A /* Traversal strategies */ = {
			isa = PBXGroup;
			children = (
				D4E8CC2616D3BB2F002D6C0A /* RXMappingTraversalStrategy.h */,
				D4E8CC2716D3BB2F002D6C0A /* RXMappingTraversalStrategy.m */,
				D4E8CC2C16D3C268002D6C0A /* RXIdentityTraversalStrategy.h */,
				D4E8CC2D16D3C268002D6C0A /* RXIdentityTraversalStrategy.m */,
				D4E8CC3216D3C332002D6C0A /* RXFilteringTraversalStrategy.h */,
				D4E8CC3316D3C332002D6C0A /* RXFilteringTraversalStrategy.m */,
				D4E8CC3B16D3D3AB002D6C0A /* RXNullTraversalStrategy.h */,
				D4E8CC3C16D3D3AB002D6C0A /* RXNullTraversalStrategy.m */,
			);
			name = "Traversal strategies";
			sourceTree = "<group>";
		};
/* End PBXGroup section */

/* Begin PBXHeadersBuildPhase section */
		D473F64516DA81DB000FCD8D /* Headers */ = {
			isa = PBXHeadersBuildPhase;
			buildActionMask = 2147483647;
			files = (
				D473F64616DA81DD000FCD8D /* RXFilter.h in Headers */,
				D473F64716DA81DD000FCD8D /* RXFold.h in Headers */,
				D473F64816DA81DD000FCD8D /* RXMap.h in Headers */,
				D473F64916DA81DD000FCD8D /* RXEnumerationTraversal.h in Headers */,
				D473F64A16DA81DD000FCD8D /* RXMappingTraversalStrategy.h in Headers */,
				D473F64B16DA81DD000FCD8D /* RXIdentityTraversalStrategy.h in Headers */,
				D473F64C16DA81DD000FCD8D /* RXFilteringTraversalStrategy.h in Headers */,
				D473F64D16DA81DD000FCD8D /* RXNullTraversalStrategy.h in Headers */,
				D473F64E16DA81DD000FCD8D /* RXPair.h in Headers */,
				D473F64F16DA81DD000FCD8D /* RXRecursiveEnumerator.h in Headers */,
				D473F65016DA81DD000FCD8D /* RXTraversal.h in Headers */,
				D473F65116DA81DD000FCD8D /* RXCollections.h in Headers */,
				D4078DC416E124490005B4C8 /* RXIntervalTraversal.h in Headers */,
			);
			runOnlyForDeploymentPostprocessing = 0;
		};
		D49E8F8A147978C8004490EA /* Headers */ = {
			isa = PBXHeadersBuildPhase;
			buildActionMask = 2147483647;
			files = (
				D4B62B1E16A113C600E42C84 /* RXRecursiveEnumerator.h in Headers */,
				D4C8768C16A2172100208BE9 /* RXPair.h in Headers */,
				D4AA920716CFD929006F3655 /* RXTraversal.h in Headers */,
				D4A8B40416D05F7000D96744 /* RXEnumerationTraversal.h in Headers */,
				D4E8CC2A16D3BB58002D6C0A /* RXMappingTraversalStrategy.h in Headers */,
				D4E8CC2F16D3C275002D6C0A /* RXIdentityTraversalStrategy.h in Headers */,
				D4E8CC3416D3C332002D6C0A /* RXFilteringTraversalStrategy.h in Headers */,
				D4E8CC3E16D3D3B4002D6C0A /* RXNullTraversalStrategy.h in Headers */,
				D4CF2C0416D6FFFA005F5810 /* RXFilter.h in Headers */,
				D4CF2C6216D7160C005F5810 /* RXMap.h in Headers */,
				D4CF2C6816D718B0005F5810 /* RXFold.h in Headers */,
				D4CF2C6D16D71996005F5810 /* RXCollections.h in Headers */,
				D4078DC216E124490005B4C8 /* RXIntervalTraversal.h in Headers */,
			);
			runOnlyForDeploymentPostprocessing = 0;
		};
		D4B62BA316A15F7000E42C84 /* Headers */ = {
			isa = PBXHeadersBuildPhase;
			buildActionMask = 2147483647;
			files = (
				D4B62BC216A1611C00E42C84 /* RXRecursiveEnumerator.h in Headers */,
				D4C8768D16A2172100208BE9 /* RXPair.h in Headers */,
				D4AA920616CFD918006F3655 /* RXTraversal.h in Headers */,
				D4A8B3FF16D05F6400D96744 /* RXEnumerationTraversal.h in Headers */,
				D4E8CC2E16D3C275002D6C0A /* RXIdentityTraversalStrategy.h in Headers */,
				D4E8CC3516D3C332002D6C0A /* RXFilteringTraversalStrategy.h in Headers */,
				D4E8CC3916D3C57B002D6C0A /* RXMappingTraversalStrategy.h in Headers */,
				D4E8CC3D16D3D3B3002D6C0A /* RXNullTraversalStrategy.h in Headers */,
				D4CF2C0516D6FFFA005F5810 /* RXFilter.h in Headers */,
				D4CF2C6316D7160C005F5810 /* RXMap.h in Headers */,
				D4CF2C6916D718B0005F5810 /* RXFold.h in Headers */,
				D4CF2C6E16D71996005F5810 /* RXCollections.h in Headers */,
				D4078DC316E124490005B4C8 /* RXIntervalTraversal.h in Headers */,
			);
			runOnlyForDeploymentPostprocessing = 0;
		};
/* End PBXHeadersBuildPhase section */

/* Begin PBXNativeTarget section */
		D473F63516DA7E5D000FCD8D /* RXCollections (iOS static framework) */ = {
			isa = PBXNativeTarget;
			buildConfigurationList = D473F63F16DA7E5E000FCD8D /* Build configuration list for PBXNativeTarget "RXCollections (iOS static framework)" */;
			buildPhases = (
				D473F63216DA7E5D000FCD8D /* Sources */,
				D473F63316DA7E5D000FCD8D /* Frameworks */,
				D473F63416DA7E5D000FCD8D /* CopyFiles */,
				D473F64516DA81DB000FCD8D /* Headers */,
				D473F65C16DA8215000FCD8D /* Prepare Framework */,
			);
			buildRules = (
			);
			dependencies = (
				D473F64416DA81B1000FCD8D /* PBXTargetDependency */,
			);
			name = "RXCollections (iOS static framework)";
			productName = "RXCollections (iOS static framework)";
			productReference = D473F63616DA7E5D000FCD8D /* libRXCollections.a */;
			productType = "com.apple.product-type.library.static";
		};
		D49E8F8B147978C8004490EA /* RXCollections (Mac OS X static library) */ = {
			isa = PBXNativeTarget;
			buildConfigurationList = D49E8FB2147978C9004490EA /* Build configuration list for PBXNativeTarget "RXCollections (Mac OS X static library)" */;
			buildPhases = (
				D49E8F88147978C8004490EA /* Sources */,
				D49E8F89147978C8004490EA /* Frameworks */,
				D49E8F8A147978C8004490EA /* Headers */,
			);
			buildRules = (
			);
			dependencies = (
				D473F66C16DA8832000FCD8D /* PBXTargetDependency */,
			);
			name = "RXCollections (Mac OS X static library)";
			productName = RXCollections;
			productReference = D49E8F8C147978C8004490EA /* libRXCollections.a */;
			productType = "com.apple.product-type.library.static";
		};
		D4B62B3E16A117B200E42C84 /* RXCollections tests */ = {
			isa = PBXNativeTarget;
			buildConfigurationList = D4B62B4016A117B200E42C84 /* Build configuration list for PBXNativeTarget "RXCollections tests" */;
			buildPhases = (
			);
			buildRules = (
			);
			dependencies = (
			);
			name = "RXCollections tests";
			productName = RXCollections;
			productReference = D4B62B3F16A117B200E42C84 /* Lagrangian.octest */;
			productType = "com.apple.product-type.bundle";
		};
		D4B62BA516A15F7000E42C84 /* RXCollections (Mac OS X framework) */ = {
			isa = PBXNativeTarget;
			buildConfigurationList = D4B62BB216A15F7000E42C84 /* Build configuration list for PBXNativeTarget "RXCollections (Mac OS X framework)" */;
			buildPhases = (
				D4B62BA116A15F7000E42C84 /* Sources */,
				D4B62BA216A15F7000E42C84 /* Frameworks */,
				D4B62BA316A15F7000E42C84 /* Headers */,
				D4B62BA416A15F7000E42C84 /* Resources */,
			);
			buildRules = (
			);
			dependencies = (
				D473F66816DA87E8000FCD8D /* PBXTargetDependency */,
			);
			name = "RXCollections (Mac OS X framework)";
			productName = "RXCollections (Framework)";
			productReference = D4B62BA616A15F7000E42C84 /* RXCollections.framework */;
			productType = "com.apple.product-type.framework";
		};
/* End PBXNativeTarget section */

/* Begin PBXProject section */
		D49E8F83147978C8004490EA /* Project object */ = {
			isa = PBXProject;
			attributes = {
				CLASSPREFIX = RX;
				LastUpgradeCheck = 0460;
				ORGANIZATIONNAME = "Rob Rix";
			};
			buildConfigurationList = D49E8F86147978C8004490EA /* Build configuration list for PBXProject "RXCollections" */;
			compatibilityVersion = "Xcode 3.2";
			developmentRegion = English;
			hasScannedForEncodings = 0;
			knownRegions = (
				en,
			);
			mainGroup = D49E8F81147978C8004490EA;
			productRefGroup = D49E8F8D147978C8004490EA /* Products */;
			projectDirPath = "";
			projectReferences = (
				{
					ProductGroup = D4B62B2C16A1177A00E42C84 /* Products */;
					ProjectRef = D4B62B2B16A1177A00E42C84 /* Lagrangian.xcodeproj */;
				},
			);
			projectRoot = "";
			targets = (
				D49E8F8B147978C8004490EA /* RXCollections (Mac OS X static library) */,
				D4B62BA516A15F7000E42C84 /* RXCollections (Mac OS X framework) */,
				D473F63516DA7E5D000FCD8D /* RXCollections (iOS static framework) */,
				D4B62B3E16A117B200E42C84 /* RXCollections tests */,
			);
		};
/* End PBXProject section */

/* Begin PBXReferenceProxy section */
		D473F5AB16D8D42B000FCD8D /* libLagrangian.a */ = {
			isa = PBXReferenceProxy;
			fileType = archive.ar;
			path = libLagrangian.a;
			remoteRef = D473F5AA16D8D42B000FCD8D /* PBXContainerItemProxy */;
			sourceTree = BUILT_PRODUCTS_DIR;
		};
		D4B62B3616A1177B00E42C84 /* Lagrangian.dylib */ = {
			isa = PBXReferenceProxy;
			fileType = "compiled.mach-o.dylib";
			path = Lagrangian.dylib;
			remoteRef = D4B62B3516A1177B00E42C84 /* PBXContainerItemProxy */;
			sourceTree = BUILT_PRODUCTS_DIR;
		};
		D4B62B3816A1177B00E42C84 /* lagrangian */ = {
			isa = PBXReferenceProxy;
			fileType = "compiled.mach-o.executable";
			path = lagrangian;
			remoteRef = D4B62B3716A1177B00E42C84 /* PBXContainerItemProxy */;
			sourceTree = BUILT_PRODUCTS_DIR;
		};
		D4B62B3A16A1177B00E42C84 /* Lagrangian.octest */ = {
			isa = PBXReferenceProxy;
			fileType = wrapper.cfbundle;
			name = Lagrangian.octest;
			path = "Lagrangian tests.octest";
			remoteRef = D4B62B3916A1177B00E42C84 /* PBXContainerItemProxy */;
			sourceTree = BUILT_PRODUCTS_DIR;
		};
		D4B62B9C16A15DF700E42C84 /* Lagrangian.framework */ = {
			isa = PBXReferenceProxy;
			fileType = wrapper.framework;
			path = Lagrangian.framework;
			remoteRef = D4B62B9B16A15DF700E42C84 /* PBXContainerItemProxy */;
			sourceTree = BUILT_PRODUCTS_DIR;
		};
/* End PBXReferenceProxy section */

/* Begin PBXResourcesBuildPhase section */
		D4B62BA416A15F7000E42C84 /* Resources */ = {
			isa = PBXResourcesBuildPhase;
			buildActionMask = 2147483647;
			files = (
				D4B62BB716A1609300E42C84 /* InfoPlist.strings in Resources */,
			);
			runOnlyForDeploymentPostprocessing = 0;
		};
/* End PBXResourcesBuildPhase section */

/* Begin PBXShellScriptBuildPhase section */
		D473F65C16DA8215000FCD8D /* Prepare Framework */ = {
			isa = PBXShellScriptBuildPhase;
			buildActionMask = 2147483647;
			files = (
			);
			inputPaths = (
			);
			name = "Prepare Framework";
			outputPaths = (
			);
			runOnlyForDeploymentPostprocessing = 0;
			shellPath = /bin/sh;
			shellScript = "set -e\n\nmkdir -p \"${BUILT_PRODUCTS_DIR}/${PRODUCT_NAME}.framework/Versions/A/Headers\"\n\n# Link the \"Current\" version to \"A\"\n/bin/ln -sfh A \"${BUILT_PRODUCTS_DIR}/${PRODUCT_NAME}.framework/Versions/Current\"\n/bin/ln -sfh Versions/Current/Headers \"${BUILT_PRODUCTS_DIR}/${PRODUCT_NAME}.framework/Headers\"\n/bin/ln -sfh \"Versions/Current/${PRODUCT_NAME}\" \"${BUILT_PRODUCTS_DIR}/${PRODUCT_NAME}.framework/${PRODUCT_NAME}\"\n\n# The -a ensures that the headers maintain the source modification date so that we don't constantly\n# cause propagating rebuilds of files that import these headers.\n/bin/cp -a \"${TARGET_BUILD_DIR}/${PUBLIC_HEADERS_FOLDER_PATH}/\" \"${BUILT_PRODUCTS_DIR}/${PRODUCT_NAME}.framework/Versions/A/Headers\"\n\ncp -a \"${BUILT_PRODUCTS_DIR}/lib${PRODUCT_NAME}.a\" \"${BUILT_PRODUCTS_DIR}/${PRODUCT_NAME}.framework/Versions/A/${PRODUCT_NAME}\"";
		};
/* End PBXShellScriptBuildPhase section */

/* Begin PBXSourcesBuildPhase section */
		D473F63216DA7E5D000FCD8D /* Sources */ = {
			isa = PBXSourcesBuildPhase;
			buildActionMask = 2147483647;
			files = (
				D473F65216DA81F3000FCD8D /* RXFilter.m in Sources */,
				D473F65316DA81F3000FCD8D /* RXFold.m in Sources */,
				D473F65416DA81F3000FCD8D /* RXMap.m in Sources */,
				D473F65516DA81F3000FCD8D /* RXEnumerationTraversal.m in Sources */,
				D473F65616DA81F3000FCD8D /* RXMappingTraversalStrategy.m in Sources */,
				D473F65716DA81F3000FCD8D /* RXIdentityTraversalStrategy.m in Sources */,
				D473F65816DA81F3000FCD8D /* RXFilteringTraversalStrategy.m in Sources */,
				D473F65916DA81F3000FCD8D /* RXNullTraversalStrategy.m in Sources */,
				D473F65A16DA81F3000FCD8D /* RXPair.m in Sources */,
				D473F65B16DA81F3000FCD8D /* RXRecursiveEnumerator.m in Sources */,
				D4078DC716E124490005B4C8 /* RXIntervalTraversal.m in Sources */,
			);
			runOnlyForDeploymentPostprocessing = 0;
		};
		D49E8F88147978C8004490EA /* Sources */ = {
			isa = PBXSourcesBuildPhase;
			buildActionMask = 2147483647;
			files = (
				D4B62B1F16A113C600E42C84 /* RXRecursiveEnumerator.m in Sources */,
				D4C8768E16A2172100208BE9 /* RXPair.m in Sources */,
				D4E0D68D16C8BD7000C5F2F1 /* RXEnumerationTraversal.m in Sources */,
				D4E8CC2916D3BB50002D6C0A /* RXMappingTraversalStrategy.m in Sources */,
				D4E8CC3116D3C28C002D6C0A /* RXIdentityTraversalStrategy.m in Sources */,
				D4E8CC3616D3C332002D6C0A /* RXFilteringTraversalStrategy.m in Sources */,
				D4E8CC4016D3D3B7002D6C0A /* RXNullTraversalStrategy.m in Sources */,
				D4CF2C0616D6FFFA005F5810 /* RXFilter.m in Sources */,
				D4CF2C6416D7160C005F5810 /* RXMap.m in Sources */,
				D4CF2C6A16D718B0005F5810 /* RXFold.m in Sources */,
				D4078DC516E124490005B4C8 /* RXIntervalTraversal.m in Sources */,
			);
			runOnlyForDeploymentPostprocessing = 0;
		};
		D4B62BA116A15F7000E42C84 /* Sources */ = {
			isa = PBXSourcesBuildPhase;
			buildActionMask = 2147483647;
			files = (
				D4B62BC016A1611300E42C84 /* RXRecursiveEnumerator.m in Sources */,
				D4C8768F16A2172100208BE9 /* RXPair.m in Sources */,
				D4E0D68C16C8BD6D00C5F2F1 /* RXEnumerationTraversal.m in Sources */,
				D4E8CC3016D3C28B002D6C0A /* RXIdentityTraversalStrategy.m in Sources */,
				D4E8CC3716D3C332002D6C0A /* RXFilteringTraversalStrategy.m in Sources */,
				D4E8CC3A16D3C581002D6C0A /* RXMappingTraversalStrategy.m in Sources */,
				D4E8CC3F16D3D3B6002D6C0A /* RXNullTraversalStrategy.m in Sources */,
				D4CF2C0716D6FFFA005F5810 /* RXFilter.m in Sources */,
				D4CF2C6516D7160C005F5810 /* RXMap.m in Sources */,
				D4CF2C6B16D718B0005F5810 /* RXFold.m in Sources */,
				D4078DC616E124490005B4C8 /* RXIntervalTraversal.m in Sources */,
			);
			runOnlyForDeploymentPostprocessing = 0;
		};
/* End PBXSourcesBuildPhase section */

/* Begin PBXTargetDependency section */
		D473F64416DA81B1000FCD8D /* PBXTargetDependency */ = {
			isa = PBXTargetDependency;
			name = "Lagrangian (iOS static framework)";
			targetProxy = D473F64316DA81B1000FCD8D /* PBXContainerItemProxy */;
		};
		D473F66816DA87E8000FCD8D /* PBXTargetDependency */ = {
			isa = PBXTargetDependency;
			name = "Lagrangian (Mac OS X framework)";
			targetProxy = D473F66716DA87E8000FCD8D /* PBXContainerItemProxy */;
		};
		D473F66C16DA8832000FCD8D /* PBXTargetDependency */ = {
			isa = PBXTargetDependency;
			name = "Lagrangian (Mac OS X framework)";
			targetProxy = D473F66B16DA8832000FCD8D /* PBXContainerItemProxy */;
		};
/* End PBXTargetDependency section */

/* Begin PBXVariantGroup section */
		D4B62BB516A1609300E42C84 /* InfoPlist.strings */ = {
			isa = PBXVariantGroup;
			children = (
				D4B62BB616A1609300E42C84 /* en */,
			);
			name = InfoPlist.strings;
			sourceTree = "<group>";
		};
/* End PBXVariantGroup section */

/* Begin XCBuildConfiguration section */
		D473F64016DA7E5E000FCD8D /* Debug */ = {
			isa = XCBuildConfiguration;
			buildSettings = {
				ARCHS = "$(ARCHS_STANDARD_32_BIT)";
				CLANG_CXX_LANGUAGE_STANDARD = "gnu++0x";
				CLANG_CXX_LIBRARY = "libc++";
				CLANG_WARN_EMPTY_BODY = YES;
				DEAD_CODE_STRIPPING = NO;
				DSTROOT = /tmp/RXCollections__iOS_static_framework_.dst;
				IPHONEOS_DEPLOYMENT_TARGET = 6.1;
				OTHER_LDFLAGS = "-ObjC";
				PRODUCT_NAME = "$(PROJECT_NAME)";
				PUBLIC_HEADERS_FOLDER_PATH = "$(TARGET_NAME) Headers";
				SDKROOT = iphoneos;
				SKIP_INSTALL = YES;
				STRIP_STYLE = "non-global";
			};
			name = Debug;
		};
		D473F64116DA7E5E000FCD8D /* Release */ = {
			isa = XCBuildConfiguration;
			buildSettings = {
				ARCHS = "$(ARCHS_STANDARD_32_BIT)";
				CLANG_CXX_LANGUAGE_STANDARD = "gnu++0x";
				CLANG_CXX_LIBRARY = "libc++";
				CLANG_WARN_EMPTY_BODY = YES;
				COPY_PHASE_STRIP = NO;
				DEAD_CODE_STRIPPING = NO;
				DSTROOT = /tmp/RXCollections__iOS_static_framework_.dst;
				IPHONEOS_DEPLOYMENT_TARGET = 6.1;
				OTHER_LDFLAGS = "-ObjC";
				PRODUCT_NAME = "$(PROJECT_NAME)";
				PUBLIC_HEADERS_FOLDER_PATH = "$(TARGET_NAME) Headers";
				SDKROOT = iphoneos;
				SKIP_INSTALL = YES;
				STRIP_STYLE = "non-global";
				VALIDATE_PRODUCT = YES;
			};
			name = Release;
		};
		D49E8FB0147978C9004490EA /* Debug */ = {
			isa = XCBuildConfiguration;
			buildSettings = {
				ALWAYS_SEARCH_USER_PATHS = NO;
				ARCHS = "$(ARCHS_STANDARD_32_64_BIT)";
				CLANG_ENABLE_OBJC_ARC = YES;
				CLANG_WARN_CONSTANT_CONVERSION = YES;
				CLANG_WARN_ENUM_CONVERSION = YES;
				CLANG_WARN_INT_CONVERSION = YES;
				CLANG_WARN__DUPLICATE_METHOD_MATCH = YES;
				COPY_PHASE_STRIP = NO;
				GCC_C_LANGUAGE_STANDARD = gnu99;
				GCC_DYNAMIC_NO_PIC = NO;
				GCC_ENABLE_OBJC_EXCEPTIONS = YES;
				GCC_INCREASE_PRECOMPILED_HEADER_SHARING = YES;
				GCC_OPTIMIZATION_LEVEL = 0;
				GCC_PREPROCESSOR_DEFINITIONS = (
					"DEBUG=1",
					"$(inherited)",
				);
				GCC_SYMBOLS_PRIVATE_EXTERN = NO;
				GCC_VERSION = com.apple.compilers.llvm.clang.1_0;
				GCC_WARN_64_TO_32_BIT_CONVERSION = YES;
				GCC_WARN_ABOUT_MISSING_PROTOTYPES = YES;
				GCC_WARN_ABOUT_RETURN_TYPE = YES;
				GCC_WARN_UNINITIALIZED_AUTOS = YES;
				GCC_WARN_UNUSED_VARIABLE = YES;
				MACOSX_DEPLOYMENT_TARGET = 10.6;
				ONLY_ACTIVE_ARCH = YES;
				SDKROOT = macosx;
			};
			name = Debug;
		};
		D49E8FB1147978C9004490EA /* Release */ = {
			isa = XCBuildConfiguration;
			buildSettings = {
				ALWAYS_SEARCH_USER_PATHS = NO;
				ARCHS = "$(ARCHS_STANDARD_32_64_BIT)";
				CLANG_ENABLE_OBJC_ARC = YES;
				CLANG_WARN_CONSTANT_CONVERSION = YES;
				CLANG_WARN_ENUM_CONVERSION = YES;
				CLANG_WARN_INT_CONVERSION = YES;
				CLANG_WARN__DUPLICATE_METHOD_MATCH = YES;
				COPY_PHASE_STRIP = YES;
				DEBUG_INFORMATION_FORMAT = "dwarf-with-dsym";
				GCC_C_LANGUAGE_STANDARD = gnu99;
				GCC_ENABLE_OBJC_EXCEPTIONS = YES;
				GCC_INCREASE_PRECOMPILED_HEADER_SHARING = YES;
				GCC_VERSION = com.apple.compilers.llvm.clang.1_0;
				GCC_WARN_64_TO_32_BIT_CONVERSION = YES;
				GCC_WARN_ABOUT_MISSING_PROTOTYPES = YES;
				GCC_WARN_ABOUT_RETURN_TYPE = YES;
				GCC_WARN_UNINITIALIZED_AUTOS = YES;
				GCC_WARN_UNUSED_VARIABLE = YES;
				MACOSX_DEPLOYMENT_TARGET = 10.6;
				SDKROOT = macosx;
			};
			name = Release;
		};
		D49E8FB3147978C9004490EA /* Debug */ = {
			isa = XCBuildConfiguration;
			buildSettings = {
				GCC_PRECOMPILE_PREFIX_HEADER = YES;
				GCC_PREFIX_HEADER = "RXCollections/RXCollections-Prefix.pch";
				OTHER_LDFLAGS = "-ObjC";
				PRODUCT_NAME = "$(PROJECT_NAME)";
			};
			name = Debug;
		};
		D49E8FB4147978C9004490EA /* Release */ = {
			isa = XCBuildConfiguration;
			buildSettings = {
				GCC_PRECOMPILE_PREFIX_HEADER = YES;
				GCC_PREFIX_HEADER = "RXCollections/RXCollections-Prefix.pch";
				OTHER_LDFLAGS = "-ObjC";
				PRODUCT_NAME = "$(PROJECT_NAME)";
			};
			name = Release;
		};
		D4B62B4116A117B200E42C84 /* Debug */ = {
			isa = XCBuildConfiguration;
			buildSettings = {
				PRODUCT_NAME = Lagrangian;
				TEST_HOST = "$(BUILT_PRODUCTS_DIR)/lagrangian";
				WRAPPER_EXTENSION = octest;
			};
			name = Debug;
		};
		D4B62B4216A117B200E42C84 /* Release */ = {
			isa = XCBuildConfiguration;
			buildSettings = {
				PRODUCT_NAME = Lagrangian;
				TEST_HOST = "$(BUILT_PRODUCTS_DIR)/lagrangian";
				WRAPPER_EXTENSION = octest;
			};
			name = Release;
		};
		D4B62BB316A15F7000E42C84 /* Debug */ = {
			isa = XCBuildConfiguration;
			buildSettings = {
				ARCHS = "$(ARCHS_STANDARD_64_BIT)";
				CLANG_CXX_LANGUAGE_STANDARD = "gnu++0x";
				CLANG_CXX_LIBRARY = "libc++";
				CLANG_WARN_EMPTY_BODY = YES;
				CLANG_WARN__DUPLICATE_METHOD_MATCH = YES;
				DYLIB_COMPATIBILITY_VERSION = 1;
				DYLIB_CURRENT_VERSION = 1;
				FRAMEWORK_VERSION = A;
				GCC_PRECOMPILE_PREFIX_HEADER = YES;
				GCC_PREFIX_HEADER = "RXCollections/RXCollections-Prefix.pch";
				GCC_WARN_UNINITIALIZED_AUTOS = YES;
				INFOPLIST_FILE = "RXCollections/RXCollections-Info.plist";
				PRODUCT_NAME = "$(PROJECT_NAME)";
				WRAPPER_EXTENSION = framework;
			};
			name = Debug;
		};
		D4B62BB416A15F7000E42C84 /* Release */ = {
			isa = XCBuildConfiguration;
			buildSettings = {
				ARCHS = "$(ARCHS_STANDARD_64_BIT)";
				CLANG_CXX_LANGUAGE_STANDARD = "gnu++0x";
				CLANG_CXX_LIBRARY = "libc++";
				CLANG_WARN_EMPTY_BODY = YES;
				CLANG_WARN__DUPLICATE_METHOD_MATCH = YES;
				DYLIB_COMPATIBILITY_VERSION = 1;
				DYLIB_CURRENT_VERSION = 1;
				FRAMEWORK_VERSION = A;
				GCC_PRECOMPILE_PREFIX_HEADER = YES;
				GCC_PREFIX_HEADER = "RXCollections/RXCollections-Prefix.pch";
				GCC_WARN_UNINITIALIZED_AUTOS = YES;
				INFOPLIST_FILE = "RXCollections/RXCollections-Info.plist";
				PRODUCT_NAME = "$(PROJECT_NAME)";
				WRAPPER_EXTENSION = framework;
			};
			name = Release;
		};
/* End XCBuildConfiguration section */

/* Begin XCConfigurationList section */
		D473F63F16DA7E5E000FCD8D /* Build configuration list for PBXNativeTarget "RXCollections (iOS static framework)" */ = {
			isa = XCConfigurationList;
			buildConfigurations = (
				D473F64016DA7E5E000FCD8D /* Debug */,
				D473F64116DA7E5E000FCD8D /* Release */,
			);
			defaultConfigurationIsVisible = 0;
			defaultConfigurationName = Release;
		};
		D49E8F86147978C8004490EA /* Build configuration list for PBXProject "RXCollections" */ = {
			isa = XCConfigurationList;
			buildConfigurations = (
				D49E8FB0147978C9004490EA /* Debug */,
				D49E8FB1147978C9004490EA /* Release */,
			);
			defaultConfigurationIsVisible = 0;
			defaultConfigurationName = Release;
		};
		D49E8FB2147978C9004490EA /* Build configuration list for PBXNativeTarget "RXCollections (Mac OS X static library)" */ = {
			isa = XCConfigurationList;
			buildConfigurations = (
				D49E8FB3147978C9004490EA /* Debug */,
				D49E8FB4147978C9004490EA /* Release */,
			);
			defaultConfigurationIsVisible = 0;
			defaultConfigurationName = Release;
		};
		D4B62B4016A117B200E42C84 /* Build configuration list for PBXNativeTarget "RXCollections tests" */ = {
			isa = XCConfigurationList;
			buildConfigurations = (
				D4B62B4116A117B200E42C84 /* Debug */,
				D4B62B4216A117B200E42C84 /* Release */,
			);
			defaultConfigurationIsVisible = 0;
			defaultConfigurationName = Release;
		};
		D4B62BB216A15F7000E42C84 /* Build configuration list for PBXNativeTarget "RXCollections (Mac OS X framework)" */ = {
			isa = XCConfigurationList;
			buildConfigurations = (
				D4B62BB316A15F7000E42C84 /* Debug */,
				D4B62BB416A15F7000E42C84 /* Release */,
			);
			defaultConfigurationIsVisible = 0;
			defaultConfigurationName = Release;
		};
/* End XCConfigurationList section */
	};
	rootObject = D49E8F83147978C8004490EA /* Project object */;
}
